{
  "name": "teambrain",
  "version": "0.3.0-preview",
  "lockfileVersion": 3,
  "requires": true,
  "packages": {
    "": {
      "name": "teambrain",
      "version": "0.3.0-preview",
      "license": "Apache-2.0",
      "bin": {
        "teambrain": "bin/teambrain.js"
      },
      "engines": {
        "node": ">=22.5.0"
      }
    }
  }
}
